
Microsoft Visual Studio Solution File, Format Version 12.00
# Visual Studio 15
VisualStudioVersion = 15.0.28307.539
MinimumVisualStudioVersion = 10.0.40219.1
Project("{FAE04EC0-301F-11D3-BF4B-00C04F79EFBC}") = "ASPIndividual", "ASPIndividual\ASPIndividual.csproj", "{2D7082A6-91B7-4593-8B48-6DC6EC3D167C}"
EndProject
Global
	GlobalSection(SolutionConfigurationPlatforms) = preSolution
		Debug|Any CPU = Debug|Any CPU
		Release|Any CPU = Release|Any CPU
	EndGlobalSection
	GlobalSection(ProjectConfigurationPlatforms) = postSolution
		{2D7082A6-91B7-4593-8B48-6DC6EC3D167C}.Debug|Any CPU.ActiveCfg = Debug|Any CPU
		{2D7082A6-91B7-4593-8B48-6DC6EC3D167C}.Debug|Any CPU.Build.0 = Debug|Any CPU
		{2D7082A6-91B7-4593-8B48-6DC6EC3D167C}.Release|Any CPU.ActiveCfg = Release|Any CPU
		{2D7082A6-91B7-4593-8B48-6DC6EC3D167C}.Release|Any CPU.Build.0 = Release|Any CPU
	EndGlobalSection
	GlobalSection(SolutionProperties) = preSolution
		HideSolutionNode = FALSE
	EndGlobalSection
	GlobalSection(ExtensibilityGlobals) = postSolution
		SolutionGuid = {D1F26FC3-54BF-4EE1-9E91-2FC2FFEB4DDF}
	EndGlobalSection
EndGlobal
